
Microsoft Visual Studio Solution File, Format Version 12.00
# Visual Studio Version 16
VisualStudioVersion = 16.0.31515.178
MinimumVisualStudioVersion = 10.0.40219.1
Project("{9A19103F-16F7-4668-BE54-9A1E7A4F7556}") = "HousemateCore", "HousemateCore\HousemateCore.csproj", "{B98B149E-728F-425D-BEB1-F3CD5E325033}"
EndProject
Project("{9A19103F-16F7-4668-BE54-9A1E7A4F7556}") = "EntityLayer", "EntityLayer\EntityLayer.csproj", "{A68AD200-45C0-4896-926F-59049A2DF39B}"
EndProject
Project("{FAE04EC0-301F-11D3-BF4B-00C04F79EFBC}") = "DataAccessLayer", "DataAccessLayer\DataAccessLayer.csproj", "{B95F3297-5099-4633-936C-5DB08E1613A3}"
EndProject
Project("{FAE04EC0-301F-11D3-BF4B-00C04F79EFBC}") = "BusinessLayer", "BusinessLayer\BusinessLayer.csproj", "{58C8AB17-D3C6-47FE-BDA2-2249DA73A617}"
EndProject
Global
	GlobalSection(SolutionConfigurationPlatforms) = preSolution
		Debug|Any CPU = Debug|Any CPU
		Release|Any CPU = Release|Any CPU
	EndGlobalSection
	GlobalSection(ProjectConfigurationPlatforms) = postSolution
		{B98B149E-728F-425D-BEB1-F3CD5E325033}.Debug|Any CPU.ActiveCfg = Debug|Any CPU
		{B98B149E-728F-425D-BEB1-F3CD5E325033}.Debug|Any CPU.Build.0 = Debug|Any CPU
		{B98B149E-728F-425D-BEB1-F3CD5E325033}.Release|Any CPU.ActiveCfg = Release|Any CPU
		{B98B149E-728F-425D-BEB1-F3CD5E325033}.Release|Any CPU.Build.0 = Release|Any CPU
		{A68AD200-45C0-4896-926F-59049A2DF39B}.Debug|Any CPU.ActiveCfg = Debug|Any CPU
		{A68AD200-45C0-4896-926F-59049A2DF39B}.Debug|Any CPU.Build.0 = Debug|Any CPU
		{A68AD200-45C0-4896-926F-59049A2DF39B}.Release|Any CPU.ActiveCfg = Release|Any CPU
		{A68AD200-45C0-4896-926F-59049A2DF39B}.Release|Any CPU.Build.0 = Release|Any CPU
		{B95F3297-5099-4633-936C-5DB08E1613A3}.Debug|Any CPU.ActiveCfg = Debug|Any CPU
		{B95F3297-5099-4633-936C-5DB08E1613A3}.Debug|Any CPU.Build.0 = Debug|Any CPU
		{B95F3297-5099-4633-936C-5DB08E1613A3}.Release|Any CPU.ActiveCfg = Release|Any CPU
		{B95F3297-5099-4633-936C-5DB08E1613A3}.Release|Any CPU.Build.0 = Release|Any CPU
		{58C8AB17-D3C6-47FE-BDA2-2249DA73A617}.Debug|Any CPU.ActiveCfg = Debug|Any CPU
		{58C8AB17-D3C6-47FE-BDA2-2249DA73A617}.Debug|Any CPU.Build.0 = Debug|Any CPU
		{58C8AB17-D3C6-47FE-BDA2-2249DA73A617}.Release|Any CPU.ActiveCfg = Release|Any CPU
		{58C8AB17-D3C6-47FE-BDA2-2249DA73A617}.Release|Any CPU.Build.0 = Release|Any CPU
	EndGlobalSection
	GlobalSection(SolutionProperties) = preSolution
		HideSolutionNode = FALSE
	EndGlobalSection
	GlobalSection(ExtensibilityGlobals) = postSolution
		SolutionGuid = {82A957A7-4DC4-4192-90BB-2976A4B6237C}
	EndGlobalSection
EndGlobal
